
Microsoft Visual Studio Solution File, Format Version 12.00
# Visual Studio Version 16
VisualStudioVersion = 16.0.29318.209
MinimumVisualStudioVersion = 10.0.40219.1
Project("{8BC9CEB8-8B4A-11D0-8D11-00A0C91BC942}") = "连连看", "Project1\Project1.vcxproj", "{BF17A993-D8DE-4A18-9BFE-3B5E97C42B89}"
EndProject
Project("{8BC9CEB8-8B4A-11D0-8D11-00A0C91BC942}") = "demo", "demo\demo.vcxproj", "{71F920B7-8AB1-4D89-9B31-A27EDF95497C}"
EndProject
Global
	GlobalSection(SolutionConfigurationPlatforms) = preSolution
		Debug|x64 = Debug|x64
		Debug|x86 = Debug|x86
		Release|x64 = Release|x64
		Release|x86 = Release|x86
	EndGlobalSection
	GlobalSection(ProjectConfigurationPlatforms) = postSolution
		{BF17A993-D8DE-4A18-9BFE-3B5E97C42B89}.Debug|x64.ActiveCfg = Debug|x64
		{BF17A993-D8DE-4A18-9BFE-3B5E97C42B89}.Debug|x64.Build.0 = Debug|x64
		{BF17A993-D8DE-4A18-9BFE-3B5E97C42B89}.Debug|x86.ActiveCfg = Debug|Win32
		{BF17A993-D8DE-4A18-9BFE-3B5E97C42B89}.Debug|x86.Build.0 = Debug|Win32
		{BF17A993-D8DE-4A18-9BFE-3B5E97C42B89}.Release|x64.ActiveCfg = Release|x64
		{BF17A993-D8DE-4A18-9BFE-3B5E97C42B89}.Release|x64.Build.0 = Release|x64
		{BF17A993-D8DE-4A18-9BFE-3B5E97C42B89}.Release|x86.ActiveCfg = Release|Win32
		{BF17A993-D8DE-4A18-9BFE-3B5E97C42B89}.Release|x86.Build.0 = Release|Win32
		{71F920B7-8AB1-4D89-9B31-A27EDF95497C}.Debug|x64.ActiveCfg = Debug|x64
		{71F920B7-8AB1-4D89-9B31-A27EDF95497C}.Debug|x64.Build.0 = Debug|x64
		{71F920B7-8AB1-4D89-9B31-A27EDF95497C}.Debug|x86.ActiveCfg = Debug|Win32
		{71F920B7-8AB1-4D89-9B31-A27EDF95497C}.Debug|x86.Build.0 = Debug|Win32
		{71F920B7-8AB1-4D89-9B31-A27EDF95497C}.Release|x64.ActiveCfg = Release|x64
		{71F920B7-8AB1-4D89-9B31-A27EDF95497C}.Release|x64.Build.0 = Release|x64
		{71F920B7-8AB1-4D89-9B31-A27EDF95497C}.Release|x86.ActiveCfg = Release|Win32
		{71F920B7-8AB1-4D89-9B31-A27EDF95497C}.Release|x86.Build.0 = Release|Win32
	EndGlobalSection
	GlobalSection(SolutionProperties) = preSolution
		HideSolutionNode = FALSE
	EndGlobalSection
	GlobalSection(ExtensibilityGlobals) = postSolution
		SolutionGuid = {C707C2DB-D46A-4D81-AC8F-8404A2C4C417}
	EndGlobalSection
EndGlobal
